
Microsoft Visual Studio Solution File, Format Version 12.00
# Visual Studio 14
VisualStudioVersion = 14.0.25420.1
MinimumVisualStudioVersion = 10.0.40219.1
Project("{FAE04EC0-301F-11D3-BF4B-00C04F79EFBC}") = "EnumerateCollection", "EnumerateCollection\EnumerateCollection.csproj", "{60FD79DF-D130-4189-A6ED-7506C01D68B5}"
EndProject
Project("{FAE04EC0-301F-11D3-BF4B-00C04F79EFBC}") = "ContravariantAndCovariant", "ContravariantAndCovariant\ContravariantAndCovariant.csproj", "{C438615B-EB9F-4A7A-A03C-FD0D9175BF56}"
EndProject
Project("{FAE04EC0-301F-11D3-BF4B-00C04F79EFBC}") = "DelegatesAndEvents", "DelegatesAndEvents\DelegatesAndEvents.csproj", "{379F8060-0AF5-4871-9D3E-0A96209BD6F9}"
EndProject
Project("{FAE04EC0-301F-11D3-BF4B-00C04F79EFBC}") = "AsyncDelegateExample", "AsyncDelegateExample\AsyncDelegateExample.csproj", "{44BD99D5-6761-4D32-96BC-94E2697A355B}"
EndProject
Global
	GlobalSection(SolutionConfigurationPlatforms) = preSolution
		Debug|Any CPU = Debug|Any CPU
		Release|Any CPU = Release|Any CPU
	EndGlobalSection
	GlobalSection(ProjectConfigurationPlatforms) = postSolution
		{60FD79DF-D130-4189-A6ED-7506C01D68B5}.Debug|Any CPU.ActiveCfg = Debug|Any CPU
		{60FD79DF-D130-4189-A6ED-7506C01D68B5}.Debug|Any CPU.Build.0 = Debug|Any CPU
		{60FD79DF-D130-4189-A6ED-7506C01D68B5}.Release|Any CPU.ActiveCfg = Release|Any CPU
		{60FD79DF-D130-4189-A6ED-7506C01D68B5}.Release|Any CPU.Build.0 = Release|Any CPU
		{C438615B-EB9F-4A7A-A03C-FD0D9175BF56}.Debug|Any CPU.ActiveCfg = Debug|Any CPU
		{C438615B-EB9F-4A7A-A03C-FD0D9175BF56}.Debug|Any CPU.Build.0 = Debug|Any CPU
		{C438615B-EB9F-4A7A-A03C-FD0D9175BF56}.Release|Any CPU.ActiveCfg = Release|Any CPU
		{C438615B-EB9F-4A7A-A03C-FD0D9175BF56}.Release|Any CPU.Build.0 = Release|Any CPU
		{379F8060-0AF5-4871-9D3E-0A96209BD6F9}.Debug|Any CPU.ActiveCfg = Debug|Any CPU
		{379F8060-0AF5-4871-9D3E-0A96209BD6F9}.Debug|Any CPU.Build.0 = Debug|Any CPU
		{379F8060-0AF5-4871-9D3E-0A96209BD6F9}.Release|Any CPU.ActiveCfg = Release|Any CPU
		{379F8060-0AF5-4871-9D3E-0A96209BD6F9}.Release|Any CPU.Build.0 = Release|Any CPU
		{44BD99D5-6761-4D32-96BC-94E2697A355B}.Debug|Any CPU.ActiveCfg = Debug|Any CPU
		{44BD99D5-6761-4D32-96BC-94E2697A355B}.Debug|Any CPU.Build.0 = Debug|Any CPU
		{44BD99D5-6761-4D32-96BC-94E2697A355B}.Release|Any CPU.ActiveCfg = Release|Any CPU
		{44BD99D5-6761-4D32-96BC-94E2697A355B}.Release|Any CPU.Build.0 = Release|Any CPU
	EndGlobalSection
	GlobalSection(SolutionProperties) = preSolution
		HideSolutionNode = FALSE
	EndGlobalSection
EndGlobal
