
Microsoft Visual Studio Solution File, Format Version 12.00
# Visual Studio 14
VisualStudioVersion = 14.0.25420.1
MinimumVisualStudioVersion = 10.0.40219.1
Project("{FAE04EC0-301F-11D3-BF4B-00C04F79EFBC}") = "HelloWorldService", "1_HelloWorld\HelloWorldService\HelloWorldService.csproj", "{0B4BF5E4-1451-4FD9-A14A-004657484656}"
EndProject
Project("{FAE04EC0-301F-11D3-BF4B-00C04F79EFBC}") = "MyServiceHost", "1_HelloWorld\MyServiceHost\MyServiceHost.csproj", "{D95AF0A0-C34F-45C7-9580-96BC63480365}"
EndProject
Project("{FAE04EC0-301F-11D3-BF4B-00C04F79EFBC}") = "Client", "1_HelloWorld\Client\Client.csproj", "{098F2FF6-6082-4B73-BD4E-20D412FC9B67}"
EndProject
Project("{2150E333-8FDC-42A3-9474-1A3956D46DE8}") = "1_HelloWorld", "1_HelloWorld", "{B1BD60B3-DA7B-4FC9-A953-0B757DFDA1C6}"
EndProject
Project("{2150E333-8FDC-42A3-9474-1A3956D46DE8}") = "2_BindingModel", "2_BindingModel", "{1FD2AC4F-B678-4EC1-80C4-03FF1E977EB6}"
EndProject
Project("{FAE04EC0-301F-11D3-BF4B-00C04F79EFBC}") = "Responser", "2_BindingModel\Responser\Responser.csproj", "{ABA5C25A-619A-4F2D-B65B-E7BA7E57CAB0}"
EndProject
Project("{FAE04EC0-301F-11D3-BF4B-00C04F79EFBC}") = "Requester", "2_BindingModel\Requester\Requester.csproj", "{15D10E6E-1A7B-4889-ACE9-7BCA77AF657E}"
EndProject
Global
	GlobalSection(SolutionConfigurationPlatforms) = preSolution
		Debug|Any CPU = Debug|Any CPU
		Release|Any CPU = Release|Any CPU
	EndGlobalSection
	GlobalSection(ProjectConfigurationPlatforms) = postSolution
		{0B4BF5E4-1451-4FD9-A14A-004657484656}.Debug|Any CPU.ActiveCfg = Debug|Any CPU
		{0B4BF5E4-1451-4FD9-A14A-004657484656}.Debug|Any CPU.Build.0 = Debug|Any CPU
		{0B4BF5E4-1451-4FD9-A14A-004657484656}.Release|Any CPU.ActiveCfg = Release|Any CPU
		{0B4BF5E4-1451-4FD9-A14A-004657484656}.Release|Any CPU.Build.0 = Release|Any CPU
		{D95AF0A0-C34F-45C7-9580-96BC63480365}.Debug|Any CPU.ActiveCfg = Debug|Any CPU
		{D95AF0A0-C34F-45C7-9580-96BC63480365}.Debug|Any CPU.Build.0 = Debug|Any CPU
		{D95AF0A0-C34F-45C7-9580-96BC63480365}.Release|Any CPU.ActiveCfg = Release|Any CPU
		{D95AF0A0-C34F-45C7-9580-96BC63480365}.Release|Any CPU.Build.0 = Release|Any CPU
		{098F2FF6-6082-4B73-BD4E-20D412FC9B67}.Debug|Any CPU.ActiveCfg = Debug|Any CPU
		{098F2FF6-6082-4B73-BD4E-20D412FC9B67}.Debug|Any CPU.Build.0 = Debug|Any CPU
		{098F2FF6-6082-4B73-BD4E-20D412FC9B67}.Release|Any CPU.ActiveCfg = Release|Any CPU
		{098F2FF6-6082-4B73-BD4E-20D412FC9B67}.Release|Any CPU.Build.0 = Release|Any CPU
		{ABA5C25A-619A-4F2D-B65B-E7BA7E57CAB0}.Debug|Any CPU.ActiveCfg = Debug|Any CPU
		{ABA5C25A-619A-4F2D-B65B-E7BA7E57CAB0}.Debug|Any CPU.Build.0 = Debug|Any CPU
		{ABA5C25A-619A-4F2D-B65B-E7BA7E57CAB0}.Release|Any CPU.ActiveCfg = Release|Any CPU
		{ABA5C25A-619A-4F2D-B65B-E7BA7E57CAB0}.Release|Any CPU.Build.0 = Release|Any CPU
		{15D10E6E-1A7B-4889-ACE9-7BCA77AF657E}.Debug|Any CPU.ActiveCfg = Debug|Any CPU
		{15D10E6E-1A7B-4889-ACE9-7BCA77AF657E}.Debug|Any CPU.Build.0 = Debug|Any CPU
		{15D10E6E-1A7B-4889-ACE9-7BCA77AF657E}.Release|Any CPU.ActiveCfg = Release|Any CPU
		{15D10E6E-1A7B-4889-ACE9-7BCA77AF657E}.Release|Any CPU.Build.0 = Release|Any CPU
	EndGlobalSection
	GlobalSection(SolutionProperties) = preSolution
		HideSolutionNode = FALSE
	EndGlobalSection
	GlobalSection(NestedProjects) = preSolution
		{0B4BF5E4-1451-4FD9-A14A-004657484656} = {B1BD60B3-DA7B-4FC9-A953-0B757DFDA1C6}
		{D95AF0A0-C34F-45C7-9580-96BC63480365} = {B1BD60B3-DA7B-4FC9-A953-0B757DFDA1C6}
		{098F2FF6-6082-4B73-BD4E-20D412FC9B67} = {B1BD60B3-DA7B-4FC9-A953-0B757DFDA1C6}
		{ABA5C25A-619A-4F2D-B65B-E7BA7E57CAB0} = {1FD2AC4F-B678-4EC1-80C4-03FF1E977EB6}
		{15D10E6E-1A7B-4889-ACE9-7BCA77AF657E} = {1FD2AC4F-B678-4EC1-80C4-03FF1E977EB6}
	EndGlobalSection
EndGlobal
